// !$*UTF8*$!
{
	archiveVersion = 1;
	classes = {
	};
	objectVersion = 50;
	objects = {

/* Begin PBXBuildFile section */
		9411BC1E23EBF98B001D5FD6 /* AppDelegate.swift in Sources */ = {isa = PBXBuildFile; fileRef = 9411BC1D23EBF98B001D5FD6 /* AppDelegate.swift */; };
		9411BC2A23EBF98F001D5FD6 /* LaunchScreen.storyboard in Resources */ = {isa = PBXBuildFile; fileRef = 9411BC2823EBF98F001D5FD6 /* LaunchScreen.storyboard */; };
		9411BC6C23ED402C001D5FD6 /* ViewController.swift in Sources */ = {isa = PBXBuildFile; fileRef = 9411BC6B23ED402C001D5FD6 /* ViewController.swift */; };
		9411BC6E23ED40F3001D5FD6 /* MoneyModel.swift in Sources */ = {isa = PBXBuildFile; fileRef = 9411BC6D23ED40F3001D5FD6 /* MoneyModel.swift */; };
		9411BC7023ED4294001D5FD6 /* dummy.json in Resources */ = {isa = PBXBuildFile; fileRef = 9411BC6F23ED4294001D5FD6 /* dummy.json */; };
/* End PBXBuildFile section */

/* Begin PBXContainerItemProxy section */
		941BA07923F3EB7000179FB3 /* PBXContainerItemProxy */ = {
			isa = PBXContainerItemProxy;
			containerPortal = 941BA07523F3EB7000179FB3 /* OVOMoney.xcodeproj */;
			proxyType = 2;
			remoteGlobalIDString = 941BA06A23F3EB7000179FB3;
			remoteInfo = OVOMoney;
		};
/* End PBXContainerItemProxy section */

/* Begin PBXCopyFilesBuildPhase section */
		94FE981423F3E44A002D557A /* Embed Frameworks */ = {
			isa = PBXCopyFilesBuildPhase;
			buildActionMask = 2147483647;
			dstPath = "";
			dstSubfolderSpec = 10;
			files = (
			);
			name = "Embed Frameworks";
			runOnlyForDeploymentPostprocessing = 0;
		};
/* End PBXCopyFilesBuildPhase section */

/* Begin PBXFileReference section */
		9411BC1A23EBF98B001D5FD6 /* OVOMoneyExample.app */ = {isa = PBXFileReference; explicitFileType = wrapper.application; includeInIndex = 0; path = OVOMoneyExample.app; sourceTree = BUILT_PRODUCTS_DIR; };
		9411BC1D23EBF98B001D5FD6 /* AppDelegate.swift */ = {isa = PBXFileReference; lastKnownFileType = sourcecode.swift; path = AppDelegate.swift; sourceTree = "<group>"; };
		9411BC2923EBF98F001D5FD6 /* Base */ = {isa = PBXFileReference; lastKnownFileType = file.storyboard; name = Base; path = Base.lproj/LaunchScreen.storyboard; sourceTree = "<group>"; };
		9411BC2B23EBF98F001D5FD6 /* Info.plist */ = {isa = PBXFileReference; lastKnownFileType = text.plist.xml; path = Info.plist; sourceTree = "<group>"; };
		9411BC6B23ED402C001D5FD6 /* ViewController.swift */ = {isa = PBXFileReference; lastKnownFileType = sourcecode.swift; path = ViewController.swift; sourceTree = "<group>"; };
		9411BC6D23ED40F3001D5FD6 /* MoneyModel.swift */ = {isa = PBXFileReference; lastKnownFileType = sourcecode.swift; path = MoneyModel.swift; sourceTree = "<group>"; };
		9411BC6F23ED4294001D5FD6 /* dummy.json */ = {isa = PBXFileReference; fileEncoding = 4; lastKnownFileType = text.json; path = dummy.json; sourceTree = "<group>"; };
		941BA07523F3EB7000179FB3 /* OVOMoney.xcodeproj */ = {isa = PBXFileReference; lastKnownFileType = "wrapper.pb-project"; name = OVOMoney.xcodeproj; path = ../OVOMoney/OVOMoney.xcodeproj; sourceTree = "<group>"; };
/* End PBXFileReference section */

/* Begin PBXFrameworksBuildPhase section */
		9411BC1723EBF98B001D5FD6 /* Frameworks */ = {
			isa = PBXFrameworksBuildPhase;
			buildActionMask = 2147483647;
			files = (
			);
			runOnlyForDeploymentPostprocessing = 0;
		};
/* End PBXFrameworksBuildPhase section */

/* Begin PBXGroup section */
		9411BC1123EBF98B001D5FD6 = {
			isa = PBXGroup;
			children = (
				9411BC1C23EBF98B001D5FD6 /* OVOMoneyExample */,
				941BA07523F3EB7000179FB3 /* OVOMoney.xcodeproj */,
				9411BC1B23EBF98B001D5FD6 /* Products */,
				94FE981023F3E44A002D557A /* Frameworks */,
			);
			sourceTree = "<group>";
		};
		9411BC1B23EBF98B001D5FD6 /* Products */ = {
			isa = PBXGroup;
			children = (
				9411BC1A23EBF98B001D5FD6 /* OVOMoneyExample.app */,
			);
			name = Products;
			sourceTree = "<group>";
		};
		9411BC1C23EBF98B001D5FD6 /* OVOMoneyExample */ = {
			isa = PBXGroup;
			children = (
				9411BC1D23EBF98B001D5FD6 /* AppDelegate.swift */,
				9411BC6B23ED402C001D5FD6 /* ViewController.swift */,
				9411BC6D23ED40F3001D5FD6 /* MoneyModel.swift */,
				9411BC2823EBF98F001D5FD6 /* LaunchScreen.storyboard */,
				9411BC2B23EBF98F001D5FD6 /* Info.plist */,
				9411BC6F23ED4294001D5FD6 /* dummy.json */,
			);
			path = OVOMoneyExample;
			sourceTree = "<group>";
		};
		941BA07623F3EB7000179FB3 /* Products */ = {
			isa = PBXGroup;
			children = (
				941BA07A23F3EB7000179FB3 /* OVOMoney.framework */,
			);
			name = Products;
			sourceTree = "<group>";
		};
		94FE981023F3E44A002D557A /* Frameworks */ = {
			isa = PBXGroup;
			children = (
			);
			name = Frameworks;
			sourceTree = "<group>";
		};
/* End PBXGroup section */

/* Begin PBXNativeTarget section */
		9411BC1923EBF98B001D5FD6 /* OVOMoneyExample */ = {
			isa = PBXNativeTarget;
			buildConfigurationList = 9411BC2E23EBF98F001D5FD6 /* Build configuration list for PBXNativeTarget "OVOMoneyExample" */;
			buildPhases = (
				9411BC1623EBF98B001D5FD6 /* Sources */,
				9411BC1723EBF98B001D5FD6 /* Frameworks */,
				9411BC1823EBF98B001D5FD6 /* Resources */,
				94FE981423F3E44A002D557A /* Embed Frameworks */,
			);
			buildRules = (
			);
			dependencies = (
			);
			name = OVOMoneyExample;
			productName = OVOMoneyExample;
			productReference = 9411BC1A23EBF98B001D5FD6 /* OVOMoneyExample.app */;
			productType = "com.apple.product-type.application";
		};
/* End PBXNativeTarget section */

/* Begin PBXProject section */
		9411BC1223EBF98B001D5FD6 /* Project object */ = {
			isa = PBXProject;
			attributes = {
				LastSwiftUpdateCheck = 1130;
				LastUpgradeCheck = 1130;
				ORGANIZATIONNAME = OVO;
				TargetAttributes = {
					9411BC1923EBF98B001D5FD6 = {
						CreatedOnToolsVersion = 11.3.1;
					};
				};
			};
			buildConfigurationList = 9411BC1523EBF98B001D5FD6 /* Build configuration list for PBXProject "OVOMoneyExample" */;
			compatibilityVersion = "Xcode 9.3";
			developmentRegion = en;
			hasScannedForEncodings = 0;
			knownRegions = (
				en,
				Base,
			);
			mainGroup = 9411BC1123EBF98B001D5FD6;
			productRefGroup = 9411BC1B23EBF98B001D5FD6 /* Products */;
			projectDirPath = "";
			projectReferences = (
				{
					ProductGroup = 941BA07623F3EB7000179FB3 /* Products */;
					ProjectRef = 941BA07523F3EB7000179FB3 /* OVOMoney.xcodeproj */;
				},
			);
			projectRoot = "";
			targets = (
				9411BC1923EBF98B001D5FD6 /* OVOMoneyExample */,
			);
		};
/* End PBXProject section */

/* Begin PBXReferenceProxy section */
		941BA07A23F3EB7000179FB3 /* OVOMoney.framework */ = {
			isa = PBXReferenceProxy;
			fileType = wrapper.framework;
			path = OVOMoney.framework;
			remoteRef = 941BA07923F3EB7000179FB3 /* PBXContainerItemProxy */;
			sourceTree = BUILT_PRODUCTS_DIR;
		};
/* End PBXReferenceProxy section */

/* Begin PBXResourcesBuildPhase section */
		9411BC1823EBF98B001D5FD6 /* Resources */ = {
			isa = PBXResourcesBuildPhase;
			buildActionMask = 2147483647;
			files = (
				9411BC7023ED4294001D5FD6 /* dummy.json in Resources */,
				9411BC2A23EBF98F001D5FD6 /* LaunchScreen.storyboard in Resources */,
			);
			runOnlyForDeploymentPostprocessing = 0;
		};
/* End PBXResourcesBuildPhase section */

/* Begin PBXSourcesBuildPhase section */
		9411BC1623EBF98B001D5FD6 /* Sources */ = {
			isa = PBXSourcesBuildPhase;
			buildActionMask = 2147483647;
			files = (
				9411BC6E23ED40F3001D5FD6 /* MoneyModel.swift in Sources */,
				9411BC6C23ED402C001D5FD6 /* ViewController.swift in Sources */,
				9411BC1E23EBF98B001D5FD6 /* AppDelegate.swift in Sources */,
			);
			runOnlyForDeploymentPostprocessing = 0;
		};
/* End PBXSourcesBuildPhase section */

/* Begin PBXVariantGroup section */
		9411BC2823EBF98F001D5FD6 /* LaunchScreen.storyboard */ = {
			isa = PBXVariantGroup;
			children = (
				9411BC2923EBF98F001D5FD6 /* Base */,
			);
			name = LaunchScreen.storyboard;
			sourceTree = "<group>";
		};
/* End PBXVariantGroup section */

/* Begin XCBuildConfiguration section */
		9411BC2C23EBF98F001D5FD6 /* Debug */ = {
			isa = XCBuildConfiguration;
			buildSettings = {
				ALWAYS_SEARCH_USER_PATHS = NO;
				CLANG_ANALYZER_NONNULL = YES;
				CLANG_ANALYZER_NUMBER_OBJECT_CONVERSION = YES_AGGRESSIVE;
				CLANG_CXX_LANGUAGE_STANDARD = "gnu++14";
				CLANG_CXX_LIBRARY = "libc++";
				CLANG_ENABLE_MODULES = YES;
				CLANG_ENABLE_OBJC_ARC = YES;
				CLANG_ENABLE_OBJC_WEAK = YES;
				CLANG_WARN_BLOCK_CAPTURE_AUTORELEASING = YES;
				CLANG_WARN_BOOL_CONVERSION = YES;
				CLANG_WARN_COMMA = YES;
				CLANG_WARN_CONSTANT_CONVERSION = YES;
				CLANG_WARN_DEPRECATED_OBJC_IMPLEMENTATIONS = YES;
				CLANG_WARN_DIRECT_OBJC_ISA_USAGE = YES_ERROR;
				CLANG_WARN_DOCUMENTATION_COMMENTS = YES;
				CLANG_WARN_EMPTY_BODY = YES;
				CLANG_WARN_ENUM_CONVERSION = YES;
				CLANG_WARN_INFINITE_RECURSION = YES;
				CLANG_WARN_INT_CONVERSION = YES;
				CLANG_WARN_NON_LITERAL_NULL_CONVERSION = YES;
				CLANG_WARN_OBJC_IMPLICIT_RETAIN_SELF = YES;
				CLANG_WARN_OBJC_LITERAL_CONVERSION = YES;
				CLANG_WARN_OBJC_ROOT_CLASS = YES_ERROR;
				CLANG_WARN_RANGE_LOOP_ANALYSIS = YES;
				CLANG_WARN_STRICT_PROTOTYPES = YES;
				CLANG_WARN_SUSPICIOUS_MOVE = YES;
				CLANG_WARN_UNGUARDED_AVAILABILITY = YES_AGGRESSIVE;
				CLANG_WARN_UNREACHABLE_CODE = YES;
				CLANG_WARN__DUPLICATE_METHOD_MATCH = YES;
				COPY_PHASE_STRIP = NO;
				DEBUG_INFORMATION_FORMAT = dwarf;
				ENABLE_STRICT_OBJC_MSGSEND = YES;
				ENABLE_TESTABILITY = YES;
				GCC_C_LANGUAGE_STANDARD = gnu11;
				GCC_DYNAMIC_NO_PIC = NO;
				GCC_NO_COMMON_BLOCKS = YES;
				GCC_OPTIMIZATION_LEVEL = 0;
				GCC_PREPROCESSOR_DEFINITIONS = (
					"DEBUG=1",
					"$(inherited)",
				);
				GCC_WARN_64_TO_32_BIT_CONVERSION = YES;
				GCC_WARN_ABOUT_RETURN_TYPE = YES_ERROR;
				GCC_WARN_UNDECLARED_SELECTOR = YES;
				GCC_WARN_UNINITIALIZED_AUTOS = YES_AGGRESSIVE;
				GCC_WARN_UNUSED_FUNCTION = YES;
				GCC_WARN_UNUSED_VARIABLE = YES;
				IPHONEOS_DEPLOYMENT_TARGET = 13.2;
				MTL_ENABLE_DEBUG_INFO = INCLUDE_SOURCE;
				MTL_FAST_MATH = YES;
				ONLY_ACTIVE_ARCH = YES;
				SDKROOT = iphoneos;
				SWIFT_ACTIVE_COMPILATION_CONDITIONS = DEBUG;
				SWIFT_OPTIMIZATION_LEVEL = "-Onone";
			};
			name = Debug;
		};
		9411BC2D23EBF98F001D5FD6 /* Release */ = {
			isa = XCBuildConfiguration;
			buildSettings = {
				ALWAYS_SEARCH_USER_PATHS = NO;
				CLANG_ANALYZER_NONNULL = YES;
				CLANG_ANALYZER_NUMBER_OBJECT_CONVERSION = YES_AGGRESSIVE;
				CLANG_CXX_LANGUAGE_STANDARD = "gnu++14";
				CLANG_CXX_LIBRARY = "libc++";
				CLANG_ENABLE_MODULES = YES;
				CLANG_ENABLE_OBJC_ARC = YES;
				CLANG_ENABLE_OBJC_WEAK = YES;
				CLANG_WARN_BLOCK_CAPTURE_AUTORELEASING = YES;
				CLANG_WARN_BOOL_CONVERSION = YES;
				CLANG_WARN_COMMA = YES;
				CLANG_WARN_CONSTANT_CONVERSION = YES;
				CLANG_WARN_DEPRECATED_OBJC_IMPLEMENTATIONS = YES;
				CLANG_WARN_DIRECT_OBJC_ISA_USAGE = YES_ERROR;
				CLANG_WARN_DOCUMENTATION_COMMENTS = YES;
				CLANG_WARN_EMPTY_BODY = YES;
				CLANG_WARN_ENUM_CONVERSION = YES;
				CLANG_WARN_INFINITE_RECURSION = YES;
				CLANG_WARN_INT_CONVERSION = YES;
				CLANG_WARN_NON_LITERAL_NULL_CONVERSION = YES;
				CLANG_WARN_OBJC_IMPLICIT_RETAIN_SELF = YES;
				CLANG_WARN_OBJC_LITERAL_CONVERSION = YES;
				CLANG_WARN_OBJC_ROOT_CLASS = YES_ERROR;
				CLANG_WARN_RANGE_LOOP_ANALYSIS = YES;
				CLANG_WARN_STRICT_PROTOTYPES = YES;
				CLANG_WARN_SUSPICIOUS_MOVE = YES;
				CLANG_WARN_UNGUARDED_AVAILABILITY = YES_AGGRESSIVE;
				CLANG_WARN_UNREACHABLE_CODE = YES;
				CLANG_WARN__DUPLICATE_METHOD_MATCH = YES;
				COPY_PHASE_STRIP = NO;
				DEBUG_INFORMATION_FORMAT = "dwarf-with-dsym";
				ENABLE_NS_ASSERTIONS = NO;
				ENABLE_STRICT_OBJC_MSGSEND = YES;
				GCC_C_LANGUAGE_STANDARD = gnu11;
				GCC_NO_COMMON_BLOCKS = YES;
				GCC_WARN_64_TO_32_BIT_CONVERSION = YES;
				GCC_WARN_ABOUT_RETURN_TYPE = YES_ERROR;
				GCC_WARN_UNDECLARED_SELECTOR = YES;
				GCC_WARN_UNINITIALIZED_AUTOS = YES_AGGRESSIVE;
				GCC_WARN_UNUSED_FUNCTION = YES;
				GCC_WARN_UNUSED_VARIABLE = YES;
				IPHONEOS_DEPLOYMENT_TARGET = 13.2;
				MTL_ENABLE_DEBUG_INFO = NO;
				MTL_FAST_MATH = YES;
				SDKROOT = iphoneos;
				SWIFT_COMPILATION_MODE = wholemodule;
				SWIFT_OPTIMIZATION_LEVEL = "-O";
				VALIDATE_PRODUCT = YES;
			};
			name = Release;
		};
		9411BC2F23EBF98F001D5FD6 /* Debug */ = {
			isa = XCBuildConfiguration;
			buildSettings = {
				ASSETCATALOG_COMPILER_APPICON_NAME = AppIcon;
				CODE_SIGN_STYLE = Automatic;
				DEVELOPMENT_TEAM = JJ3F2X5A8T;
				INFOPLIST_FILE = OVOMoneyExample/Info.plist;
				LD_RUNPATH_SEARCH_PATHS = (
					"$(inherited)",
					"@executable_path/Frameworks",
				);
				PRODUCT_BUNDLE_IDENTIFIER = home.OVOMoneyExample;
				PRODUCT_NAME = "$(TARGET_NAME)";
				SWIFT_VERSION = 5.0;
				TARGETED_DEVICE_FAMILY = 1;
			};
			name = Debug;
		};
		9411BC3023EBF98F001D5FD6 /* Release */ = {
			isa = XCBuildConfiguration;
			buildSettings = {
				ASSETCATALOG_COMPILER_APPICON_NAME = AppIcon;
				CODE_SIGN_STYLE = Automatic;
				DEVELOPMENT_TEAM = JJ3F2X5A8T;
				INFOPLIST_FILE = OVOMoneyExample/Info.plist;
				LD_RUNPATH_SEARCH_PATHS = (
					"$(inherited)",
					"@executable_path/Frameworks",
				);
				PRODUCT_BUNDLE_IDENTIFIER = home.OVOMoneyExample;
				PRODUCT_NAME = "$(TARGET_NAME)";
				SWIFT_VERSION = 5.0;
				TARGETED_DEVICE_FAMILY = 1;
			};
			name = Release;
		};
/* End XCBuildConfiguration section */

/* Begin XCConfigurationList section */
		9411BC1523EBF98B001D5FD6 /* Build configuration list for PBXProject "OVOMoneyExample" */ = {
			isa = XCConfigurationList;
			buildConfigurations = (
				9411BC2C23EBF98F001D5FD6 /* Debug */,
				9411BC2D23EBF98F001D5FD6 /* Release */,
			);
			defaultConfigurationIsVisible = 0;
			defaultConfigurationName = Release;
		};
		9411BC2E23EBF98F001D5FD6 /* Build configuration list for PBXNativeTarget "OVOMoneyExample" */ = {
			isa = XCConfigurationList;
			buildConfigurations = (
				9411BC2F23EBF98F001D5FD6 /* Debug */,
				9411BC3023EBF98F001D5FD6 /* Release */,
			);
			defaultConfigurationIsVisible = 0;
			defaultConfigurationName = Release;
		};
/* End XCConfigurationList section */
	};
	rootObject = 9411BC1223EBF98B001D5FD6 /* Project object */;
}
